{
    "name": "moe.eirteam.divine",
    "version": "1.0.0",
    "lockfileVersion": 1,
    "requires": true,
    "dependencies": {
        "balanced-match": {
            "version": "1.0.0",
            "resolved": "https://registry.npmjs.org/balanced-match/-/balanced-match-1.0.0.tgz",
            "integrity": "sha1-ibTRmasr7kneFk6gK4nORi1xt2c="
        },
        "base64-js": {
            "version": "0.0.8",
            "resolved": "https://registry.npmjs.org/base64-js/-/base64-js-0.0.8.tgz",
            "integrity": "sha1-EQHpVE9KdrG8OybUUsqW16NeeXg="
        },
        "big-integer": {
            "version": "1.6.40",
            "resolved": "https://registry.npmjs.org/big-integer/-/big-integer-1.6.40.tgz",
            "integrity": "sha512-CjhtJp0BViLzP1ZkEnoywjgtFQXS2pomKjAJtIISTCnuHILkLcAXLdFLG/nxsHc4s9kJfc+82Xpg8WNyhfACzQ=="
        },
        "bplist-creator": {
            "version": "0.0.7",
            "resolved": "https://registry.npmjs.org/bplist-creator/-/bplist-creator-0.0.7.tgz",
            "integrity": "sha1-N98VNgkoJLh8QvlXsBNEEXNyrkU=",
            "requires": {
                "stream-buffers": "2.2.0"
            }
        },
        "bplist-parser": {
            "version": "0.1.1",
            "resolved": "https://registry.npmjs.org/bplist-parser/-/bplist-parser-0.1.1.tgz",
            "integrity": "sha1-1g1dzCDLptx+HymbNdPh+V2vuuY=",
            "requires": {
                "big-integer": "1.6.40"
            }
        },
        "brace-expansion": {
            "version": "1.1.11",
            "resolved": "https://registry.npmjs.org/brace-expansion/-/brace-expansion-1.1.11.tgz",
            "integrity": "sha512-iCuPHDFgrHX7H2vEI/5xpz07zSHB00TpugqhmYtVmMO6518mCuRMoOYFldEBl0g187ufozdaHgWKcYFb61qGiA==",
            "requires": {
                "balanced-match": "1.0.0",
                "concat-map": "0.0.1"
            }
        },
        "colors": {
            "version": "1.3.3",
            "resolved": "https://registry.npmjs.org/colors/-/colors-1.3.3.tgz",
            "integrity": "sha512-mmGt/1pZqYRjMxB1axhTo16/snVZ5krrKkcmMeVKxzECMMXoCgnvTPp10QgHfcbQZw8Dq2jMNG6je4JlWU0gWg=="
        },
        "concat-map": {
            "version": "0.0.1",
            "resolved": "https://registry.npmjs.org/concat-map/-/concat-map-0.0.1.tgz",
            "integrity": "sha1-2Klr13/Wjfd5OnMDajug1UBdR3s="
        },
        "cordova-android": {
            "version": "7.1.4",
            "resolved": "https://registry.npmjs.org/cordova-android/-/cordova-android-7.1.4.tgz",
            "integrity": "sha512-Rtvu002I83uzfVyCsE6p2krFKVHt9TSAqZUATes+zH+o9cdxYGrLHY+PKCQo4SLCdSMdrkIHCDnQPTYTp/d7+g==",
            "requires": {
                "abbrev": "1.1.1",
                "android-versions": "1.4.0",
                "ansi": "0.3.1",
                "balanced-match": "1.0.0",
                "base64-js": "1.2.0",
                "big-integer": "1.6.32",
                "bplist-parser": "0.1.1",
                "brace-expansion": "1.1.11",
                "concat-map": "0.0.1",
                "cordova-common": "2.2.5",
                "cordova-registry-mapper": "1.1.15",
                "elementtree": "0.1.6",
                "glob": "5.0.15",
                "inflight": "1.0.6",
                "inherits": "2.0.3",
                "minimatch": "3.0.4",
                "nopt": "3.0.1",
                "once": "1.4.0",
                "path-is-absolute": "1.0.1",
                "plist": "2.1.0",
                "properties-parser": "0.2.3",
                "q": "1.4.1",
                "sax": "0.3.5",
                "semver": "5.5.0",
                "shelljs": "0.5.3",
                "underscore": "1.9.1",
                "unorm": "1.4.1",
                "wrappy": "1.0.2",
                "xmlbuilder": "8.2.2",
                "xmldom": "0.1.27"
            },
            "dependencies": {
                "abbrev": {
                    "version": "1.1.1",
                    "bundled": true
                },
                "android-versions": {
                    "version": "1.4.0",
                    "bundled": true,
                    "requires": {
                        "semver": "5.5.0"
                    }
                },
                "ansi": {
                    "version": "0.3.1",
                    "bundled": true
                },
                "balanced-match": {
                    "version": "1.0.0",
                    "bundled": true
                },
                "base64-js": {
                    "version": "1.2.0",
                    "bundled": true
                },
                "big-integer": {
                    "version": "1.6.32",
                    "bundled": true
                },
                "bplist-parser": {
                    "version": "0.1.1",
                    "bundled": true,
                    "requires": {
                        "big-integer": "1.6.32"
                    }
                },
                "brace-expansion": {
                    "version": "1.1.11",
                    "bundled": true,
                    "requires": {
                        "balanced-match": "1.0.0",
                        "concat-map": "0.0.1"
                    }
                },
                "concat-map": {
                    "version": "0.0.1",
                    "bundled": true
                },
                "cordova-common": {
                    "version": "2.2.5",
                    "bundled": true,
                    "requires": {
                        "ansi": "0.3.1",
                        "bplist-parser": "0.1.1",
                        "cordova-registry-mapper": "1.1.15",
                        "elementtree": "0.1.6",
                        "glob": "5.0.15",
                        "minimatch": "3.0.4",
                        "plist": "2.1.0",
                        "q": "1.4.1",
                        "shelljs": "0.5.3",
                        "underscore": "1.9.1",
                        "unorm": "1.4.1"
                    }
                },
                "cordova-registry-mapper": {
                    "version": "1.1.15",
                    "bundled": true
                },
                "elementtree": {
                    "version": "0.1.6",
                    "bundled": true,
                    "requires": {
                        "sax": "0.3.5"
                    }
                },
                "glob": {
                    "version": "5.0.15",
                    "bundled": true,
                    "requires": {
                        "inflight": "1.0.6",
                        "inherits": "2.0.3",
                        "minimatch": "3.0.4",
                        "once": "1.4.0",
                        "path-is-absolute": "1.0.1"
                    }
                },
                "inflight": {
                    "version": "1.0.6",
                    "bundled": true,
                    "requires": {
                        "once": "1.4.0",
                        "wrappy": "1.0.2"
                    }
                },
                "inherits": {
                    "version": "2.0.3",
                    "bundled": true
                },
                "minimatch": {
                    "version": "3.0.4",
                    "bundled": true,
                    "requires": {
                        "brace-expansion": "1.1.11"
                    }
                },
                "nopt": {
                    "version": "3.0.1",
                    "bundled": true,
                    "requires": {
                        "abbrev": "1.1.1"
                    }
                },
                "once": {
                    "version": "1.4.0",
                    "bundled": true,
                    "requires": {
                        "wrappy": "1.0.2"
                    }
                },
                "path-is-absolute": {
                    "version": "1.0.1",
                    "bundled": true
                },
                "plist": {
                    "version": "2.1.0",
                    "bundled": true,
                    "requires": {
                        "base64-js": "1.2.0",
                        "xmlbuilder": "8.2.2",
                        "xmldom": "0.1.27"
                    }
                },
                "properties-parser": {
                    "version": "0.2.3",
                    "bundled": true
                },
                "q": {
                    "version": "1.4.1",
                    "bundled": true
                },
                "sax": {
                    "version": "0.3.5",
                    "bundled": true
                },
                "semver": {
                    "version": "5.5.0",
                    "bundled": true
                },
                "shelljs": {
                    "version": "0.5.3",
                    "bundled": true
                },
                "underscore": {
                    "version": "1.9.1",
                    "bundled": true
                },
                "unorm": {
                    "version": "1.4.1",
                    "bundled": true
                },
                "wrappy": {
                    "version": "1.0.2",
                    "bundled": true
                },
                "xmlbuilder": {
                    "version": "8.2.2",
                    "bundled": true
                },
                "xmldom": {
                    "version": "0.1.27",
                    "bundled": true
                }
            }
        },
        "cordova-custom-config": {
            "version": "5.0.2",
            "resolved": "https://registry.npmjs.org/cordova-custom-config/-/cordova-custom-config-5.0.2.tgz",
            "integrity": "sha512-BOlDpmll+CIL+pSFfYrp0ederNCDKvB3X8tDY2EacEvcar/kB2MKs9M5Htv4VTrkfdIbjJtoePD2vaH3apY1Tg==",
            "requires": {
                "colors": "1.3.3",
                "elementtree": "0.1.7",
                "lodash": "4.17.11",
                "plist": "github:xiangpingmeng/plist.js#5ccd600b0b7fd3ae204edc9e69c1c30406d07747",
                "shelljs": "0.7.8",
                "tostr": "0.1.0",
                "xcode": "1.1.0"
            }
        },
        "cordova-plugin-advanced-http": {
            "version": "2.0.2",
            "resolved": "https://registry.npmjs.org/cordova-plugin-advanced-http/-/cordova-plugin-advanced-http-2.0.2.tgz",
            "integrity": "sha512-UAzA72gkaXCSDGeFcFjeaaHhRo2t+P+wwzNM62hMOtbH0eCovwOAuMTfF26P9idl0fw9QvHfjTl0mxTUL6qFEw=="
        },
        "cordova-plugin-file": {
            "version": "6.0.1",
            "resolved": "https://registry.npmjs.org/cordova-plugin-file/-/cordova-plugin-file-6.0.1.tgz",
            "integrity": "sha1-SWBrjBWlaI1HKPkuSnMloGHeB/U="
        },
        "cordova-plugin-whitelist": {
            "version": "1.3.3",
            "resolved": "https://registry.npmjs.org/cordova-plugin-whitelist/-/cordova-plugin-whitelist-1.3.3.tgz",
            "integrity": "sha1-tehezbv+Wu3tQKG/TuI3LmfZb7Q="
        },
        "elementtree": {
            "version": "0.1.7",
            "resolved": "https://registry.npmjs.org/elementtree/-/elementtree-0.1.7.tgz",
            "integrity": "sha1-mskb5uUvtuYkTE5UpKw+2K6OKcA=",
            "requires": {
                "sax": "1.1.4"
            }
        },
        "fs.realpath": {
            "version": "1.0.0",
            "resolved": "https://registry.npmjs.org/fs.realpath/-/fs.realpath-1.0.0.tgz",
            "integrity": "sha1-FQStJSMVjKpA20onh8sBQRmU6k8="
        },
        "glob": {
            "version": "7.1.3",
            "resolved": "https://registry.npmjs.org/glob/-/glob-7.1.3.tgz",
            "integrity": "sha512-vcfuiIxogLV4DlGBHIUOwI0IbrJ8HWPc4MU7HzviGeNho/UJDfi6B5p3sHeWIQ0KGIU0Jpxi5ZHxemQfLkkAwQ==",
            "requires": {
                "fs.realpath": "1.0.0",
                "inflight": "1.0.6",
                "inherits": "2.0.3",
                "minimatch": "3.0.4",
                "once": "1.4.0",
                "path-is-absolute": "1.0.1"
            }
        },
        "inflight": {
            "version": "1.0.6",
            "resolved": "https://registry.npmjs.org/inflight/-/inflight-1.0.6.tgz",
            "integrity": "sha1-Sb1jMdfQLQwJvJEKEHW6gWW1bfk=",
            "requires": {
                "once": "1.4.0",
                "wrappy": "1.0.2"
            }
        },
        "inherits": {
            "version": "2.0.3",
            "resolved": "https://registry.npmjs.org/inherits/-/inherits-2.0.3.tgz",
            "integrity": "sha1-Yzwsg+PaQqUC9SRmAiSA9CCCYd4="
        },
        "interpret": {
            "version": "1.1.0",
            "resolved": "https://registry.npmjs.org/interpret/-/interpret-1.1.0.tgz",
            "integrity": "sha1-ftGxQQxqDg94z5XTuEQMY/eLhhQ="
        },
        "lodash": {
            "version": "4.17.11",
            "resolved": "https://registry.npmjs.org/lodash/-/lodash-4.17.11.tgz",
            "integrity": "sha512-cQKh8igo5QUhZ7lg38DYWAxMvjSAKG0A8wGSVimP07SIUEK2UO+arSRKbRZWtelMtN5V0Hkwh5ryOto/SshYIg=="
        },
        "minimatch": {
            "version": "3.0.4",
            "resolved": "https://registry.npmjs.org/minimatch/-/minimatch-3.0.4.tgz",
            "integrity": "sha512-yJHVQEhyqPLUTgt9B83PXu6W3rx4MvvHvSUvToogpwoGDOUQ+yDrR0HRot+yOCdCO7u4hX3pWft6kWBBcqh0UA==",
            "requires": {
                "brace-expansion": "1.1.11"
            }
        },
        "once": {
            "version": "1.4.0",
            "resolved": "https://registry.npmjs.org/once/-/once-1.4.0.tgz",
            "integrity": "sha1-WDsap3WWHUsROsF9nFC6753Xa9E=",
            "requires": {
                "wrappy": "1.0.2"
            }
        },
        "path-is-absolute": {
            "version": "1.0.1",
            "resolved": "http://registry.npmjs.org/path-is-absolute/-/path-is-absolute-1.0.1.tgz",
            "integrity": "sha1-F0uSaHNVNP+8es5r9TpanhtcX18="
        },
        "path-parse": {
            "version": "1.0.6",
            "resolved": "https://registry.npmjs.org/path-parse/-/path-parse-1.0.6.tgz",
            "integrity": "sha512-GSmOT2EbHrINBf9SR7CDELwlJ8AENk3Qn7OikK4nFYAu3Ote2+JYNVvkpAEQm3/TLNEJFD/xZJjzyxg3KBWOzw=="
        },
        "plist": {
            "version": "github:xiangpingmeng/plist.js#5ccd600b0b7fd3ae204edc9e69c1c30406d07747",
            "requires": {
                "base64-js": "0.0.8",
                "util-deprecate": "1.0.2",
                "xmlbuilder": "4.0.0",
                "xmldom": "0.1.27"
            }
        },
        "rechoir": {
            "version": "0.6.2",
            "resolved": "https://registry.npmjs.org/rechoir/-/rechoir-0.6.2.tgz",
            "integrity": "sha1-hSBLVNuoLVdC4oyWdW70OvUOM4Q=",
            "requires": {
                "resolve": "1.9.0"
            }
        },
        "resolve": {
            "version": "1.9.0",
            "resolved": "https://registry.npmjs.org/resolve/-/resolve-1.9.0.tgz",
            "integrity": "sha512-TZNye00tI67lwYvzxCxHGjwTNlUV70io54/Ed4j6PscB8xVfuBJpRenI/o6dVk0cY0PYTY27AgCoGGxRnYuItQ==",
            "requires": {
                "path-parse": "1.0.6"
            }
        },
        "sax": {
            "version": "1.1.4",
            "resolved": "http://registry.npmjs.org/sax/-/sax-1.1.4.tgz",
            "integrity": "sha1-dLbTPJrh4AFRDxeakRaFiPGu2qk="
        },
        "shelljs": {
            "version": "0.7.8",
            "resolved": "https://registry.npmjs.org/shelljs/-/shelljs-0.7.8.tgz",
            "integrity": "sha1-3svPh0sNHl+3LhSxZKloMEjprLM=",
            "requires": {
                "glob": "7.1.3",
                "interpret": "1.1.0",
                "rechoir": "0.6.2"
            }
        },
        "simple-plist": {
            "version": "0.2.1",
            "resolved": "http://registry.npmjs.org/simple-plist/-/simple-plist-0.2.1.tgz",
            "integrity": "sha1-cXZts1IyaSjPOoByQrp2IyJjZyM=",
            "requires": {
                "bplist-creator": "0.0.7",
                "bplist-parser": "0.1.1",
                "plist": "2.0.1"
            },
            "dependencies": {
                "base64-js": {
                    "version": "1.1.2",
                    "resolved": "https://registry.npmjs.org/base64-js/-/base64-js-1.1.2.tgz",
                    "integrity": "sha1-1kAMrBxMZgl22Q0HoENR2JOV9eg="
                },
                "plist": {
                    "version": "2.0.1",
                    "resolved": "https://registry.npmjs.org/plist/-/plist-2.0.1.tgz",
                    "integrity": "sha1-CjLKlIGxw2TpLhjcVch23p0B2os=",
                    "requires": {
                        "base64-js": "1.1.2",
                        "xmlbuilder": "8.2.2",
                        "xmldom": "0.1.27"
                    }
                },
                "xmlbuilder": {
                    "version": "8.2.2",
                    "resolved": "http://registry.npmjs.org/xmlbuilder/-/xmlbuilder-8.2.2.tgz",
                    "integrity": "sha1-aSSGc0ELS6QuGmE2VR0pIjNap3M="
                }
            }
        },
        "stream-buffers": {
            "version": "2.2.0",
            "resolved": "https://registry.npmjs.org/stream-buffers/-/stream-buffers-2.2.0.tgz",
            "integrity": "sha1-kdX1Ew0c75bc+n9yaUUYh0HQnuQ="
        },
        "tostr": {
            "version": "0.1.0",
            "resolved": "https://registry.npmjs.org/tostr/-/tostr-0.1.0.tgz",
            "integrity": "sha1-cjm6H6gHyBAMlTLNIxvwQat3lik="
        },
        "util-deprecate": {
            "version": "1.0.2",
            "resolved": "https://registry.npmjs.org/util-deprecate/-/util-deprecate-1.0.2.tgz",
            "integrity": "sha1-RQ1Nyfpw3nMnYvvS1KKJgUGaDM8="
        },
        "uuid": {
            "version": "3.3.2",
            "resolved": "https://registry.npmjs.org/uuid/-/uuid-3.3.2.tgz",
            "integrity": "sha512-yXJmeNaw3DnnKAOKJE51sL/ZaYfWJRl1pK9dr19YFCu0ObS231AB1/LbqTKRAQ5kw8A90rA6fr4riOUpTZvQZA=="
        },
        "wrappy": {
            "version": "1.0.2",
            "resolved": "https://registry.npmjs.org/wrappy/-/wrappy-1.0.2.tgz",
            "integrity": "sha1-tSQ9jz7BqjXxNkYFvA0QNuMKtp8="
        },
        "xcode": {
            "version": "1.1.0",
            "resolved": "https://registry.npmjs.org/xcode/-/xcode-1.1.0.tgz",
            "integrity": "sha512-hllHFtfsNu5WbVzj8KbGNdI3NgOYmTLZqyF4a9c9J1aGMhAdxmLLsXlpG0Bz8fEtKh6I3pyargRXN0ZlLpcF5w==",
            "requires": {
                "simple-plist": "0.2.1",
                "uuid": "3.3.2"
            }
        },
        "xmlbuilder": {
            "version": "4.0.0",
            "resolved": "http://registry.npmjs.org/xmlbuilder/-/xmlbuilder-4.0.0.tgz",
            "integrity": "sha1-mLj2UcowqmJANvEn0RzGbce5B6M=",
            "requires": {
                "lodash": "3.10.1"
            },
            "dependencies": {
                "lodash": {
                    "version": "3.10.1",
                    "resolved": "http://registry.npmjs.org/lodash/-/lodash-3.10.1.tgz",
                    "integrity": "sha1-W/Rejkm6QYnhfUgnid/RW9FAt7Y="
                }
            }
        },
        "xmldom": {
            "version": "0.1.27",
            "resolved": "https://registry.npmjs.org/xmldom/-/xmldom-0.1.27.tgz",
            "integrity": "sha1-1QH5ezvbQDr4757MIFcxh6rawOk="
        }
    }
}
